{
  "nodes": {
    "nixpkgs": {
      "locked": {
        "lastModified": 1765417234,
        "narHash": "sha256-Sr4jQZgI/d6z9/Q8lJ2AihfLzzFUoPAXb6mEEgMxMbw=",
        "owner": "NixOS",
        "repo": "nixpkgs",
        "rev": "5063a5fb7ca9d778020e79a66c0fbe27315d95af",
        "type": "github"
      },
      "original": {
        "owner": "NixOS",
        "ref": "master",
        "repo": "nixpkgs",
        "type": "github"
      }
    },
    "root": {
      "inputs": {
        "nixpkgs": "nixpkgs"
      }
    }
  },
  "root": "root",
  "version": 7
}
